
Microsoft Visual Studio Solution File, Format Version 12.00
# Visual Studio Version 16
VisualStudioVersion = 16.0.31911.196
MinimumVisualStudioVersion = 10.0.40219.1
Project("{FAE04EC0-301F-11D3-BF4B-00C04F79EFBC}") = "API_Traillers", "API_Traillers\API_Traillers.csproj", "{8A4FCA97-8FF7-4723-8369-98AD015FDBFF}"
EndProject
Global
	GlobalSection(SolutionConfigurationPlatforms) = preSolution
		Debug|Any CPU = Debug|Any CPU
		Release|Any CPU = Release|Any CPU
	EndGlobalSection
	GlobalSection(ProjectConfigurationPlatforms) = postSolution
		{8A4FCA97-8FF7-4723-8369-98AD015FDBFF}.Debug|Any CPU.ActiveCfg = Debug|Any CPU
		{8A4FCA97-8FF7-4723-8369-98AD015FDBFF}.Debug|Any CPU.Build.0 = Debug|Any CPU
		{8A4FCA97-8FF7-4723-8369-98AD015FDBFF}.Release|Any CPU.ActiveCfg = Release|Any CPU
		{8A4FCA97-8FF7-4723-8369-98AD015FDBFF}.Release|Any CPU.Build.0 = Release|Any CPU
	EndGlobalSection
	GlobalSection(SolutionProperties) = preSolution
		HideSolutionNode = FALSE
	EndGlobalSection
	GlobalSection(ExtensibilityGlobals) = postSolution
		SolutionGuid = {A7C7AA44-77E5-404B-A340-E2BFB747B029}
	EndGlobalSection
EndGlobal
